
Microsoft Visual Studio Solution File, Format Version 12.00
# Visual Studio Version 16
VisualStudioVersion = 16.0.29503.13
MinimumVisualStudioVersion = 10.0.40219.1
Project("{FAE04EC0-301F-11D3-BF4B-00C04F79EFBC}") = "Decanat", "Decanat\Decanat.csproj", "{A3AA221B-2D9A-42C0-AF6A-103F04A782DE}"
EndProject
Global
	GlobalSection(SolutionConfigurationPlatforms) = preSolution
		Debug|Any CPU = Debug|Any CPU
		Release|Any CPU = Release|Any CPU
	EndGlobalSection
	GlobalSection(ProjectConfigurationPlatforms) = postSolution
		{A3AA221B-2D9A-42C0-AF6A-103F04A782DE}.Debug|Any CPU.ActiveCfg = Debug|Any CPU
		{A3AA221B-2D9A-42C0-AF6A-103F04A782DE}.Debug|Any CPU.Build.0 = Debug|Any CPU
		{A3AA221B-2D9A-42C0-AF6A-103F04A782DE}.Release|Any CPU.ActiveCfg = Release|Any CPU
		{A3AA221B-2D9A-42C0-AF6A-103F04A782DE}.Release|Any CPU.Build.0 = Release|Any CPU
	EndGlobalSection
	GlobalSection(SolutionProperties) = preSolution
		HideSolutionNode = FALSE
	EndGlobalSection
	GlobalSection(ExtensibilityGlobals) = postSolution
		SolutionGuid = {DA3D869D-9614-4AB9-AD7E-03118206B377}
	EndGlobalSection
EndGlobal
